// !$*UTF8*$!
{
	archiveVersion = 1;
	classes = {
	};
	objectVersion = 48;
	objects = {

/* Begin PBXBuildFile section */
		8218CCA520E285E300274750 /* AppDelegate.swift in Sources */ = {isa = PBXBuildFile; fileRef = 8218CCA420E285E300274750 /* AppDelegate.swift */; };
		8218CCAA20E285E300274750 /* Main.storyboard in Resources */ = {isa = PBXBuildFile; fileRef = 8218CCA820E285E300274750 /* Main.storyboard */; };
		8218CCAC20E285E300274750 /* Assets.xcassets in Resources */ = {isa = PBXBuildFile; fileRef = 8218CCAB20E285E300274750 /* Assets.xcassets */; };
		8218CCAF20E285E300274750 /* LaunchScreen.storyboard in Resources */ = {isa = PBXBuildFile; fileRef = 8218CCAD20E285E300274750 /* LaunchScreen.storyboard */; };
		8218CCB720E2863B00274750 /* myResttTableViewController.swift in Sources */ = {isa = PBXBuildFile; fileRef = 8218CCB620E2863B00274750 /* myResttTableViewController.swift */; };
		8218CCB920E286D500274750 /* myResttTableViewCell.swift in Sources */ = {isa = PBXBuildFile; fileRef = 8218CCB820E286D500274750 /* myResttTableViewCell.swift */; };
/* End PBXBuildFile section */

/* Begin PBXFileReference section */
		8218CCA120E285E300274750 /* myRestt.app */ = {isa = PBXFileReference; explicitFileType = wrapper.application; includeInIndex = 0; path = myRestt.app; sourceTree = BUILT_PRODUCTS_DIR; };
		8218CCA420E285E300274750 /* AppDelegate.swift */ = {isa = PBXFileReference; lastKnownFileType = sourcecode.swift; path = AppDelegate.swift; sourceTree = "<group>"; };
		8218CCA920E285E300274750 /* Base */ = {isa = PBXFileReference; lastKnownFileType = file.storyboard; name = Base; path = Base.lproj/Main.storyboard; sourceTree = "<group>"; };
		8218CCAB20E285E300274750 /* Assets.xcassets */ = {isa = PBXFileReference; lastKnownFileType = folder.assetcatalog; path = Assets.xcassets; sourceTree = "<group>"; };
		8218CCAE20E285E300274750 /* Base */ = {isa = PBXFileReference; lastKnownFileType = file.storyboard; name = Base; path = Base.lproj/LaunchScreen.storyboard; sourceTree = "<group>"; };
		8218CCB020E285E300274750 /* Info.plist */ = {isa = PBXFileReference; lastKnownFileType = text.plist.xml; path = Info.plist; sourceTree = "<group>"; };
		8218CCB620E2863B00274750 /* myResttTableViewController.swift */ = {isa = PBXFileReference; lastKnownFileType = sourcecode.swift; path = myResttTableViewController.swift; sourceTree = "<group>"; };
		8218CCB820E286D500274750 /* myResttTableViewCell.swift */ = {isa = PBXFileReference; lastKnownFileType = sourcecode.swift; path = myResttTableViewCell.swift; sourceTree = "<group>"; };
/* End PBXFileReference section */

/* Begin PBXFrameworksBuildPhase section */
		8218CC9E20E285E300274750 /* Frameworks */ = {
			isa = PBXFrameworksBuildPhase;
			buildActionMask = 2147483647;
			files = (
			);
			runOnlyForDeploymentPostprocessing = 0;
		};
/* End PBXFrameworksBuildPhase section */

/* Begin PBXGroup section */
		8218CC9820E285E300274750 = {
			isa = PBXGroup;
			children = (
				8218CCA320E285E300274750 /* myRestt */,
				8218CCA220E285E300274750 /* Products */,
			);
			sourceTree = "<group>";
		};
		8218CCA220E285E300274750 /* Products */ = {
			isa = PBXGroup;
			children = (
				8218CCA120E285E300274750 /* myRestt.app */,
			);
			name = Products;
			sourceTree = "<group>";
		};
		8218CCA320E285E300274750 /* myRestt */ = {
			isa = PBXGroup;
			children = (
				8218CCA420E285E300274750 /* AppDelegate.swift */,
				8218CCA820E285E300274750 /* Main.storyboard */,
				8218CCB620E2863B00274750 /* myResttTableViewController.swift */,
				8218CCB820E286D500274750 /* myResttTableViewCell.swift */,
				8218CCAB20E285E300274750 /* Assets.xcassets */,
				8218CCAD20E285E300274750 /* LaunchScreen.storyboard */,
				8218CCB020E285E300274750 /* Info.plist */,
			);
			path = myRestt;
			sourceTree = "<group>";
		};
/* End PBXGroup section */

/* Begin PBXNativeTarget section */
		8218CCA020E285E300274750 /* myRestt */ = {
			isa = PBXNativeTarget;
			buildConfigurationList = 8218CCB320E285E300274750 /* Build configuration list for PBXNativeTarget "myRestt" */;
			buildPhases = (
				8218CC9D20E285E300274750 /* Sources */,
				8218CC9E20E285E300274750 /* Frameworks */,
				8218CC9F20E285E300274750 /* Resources */,
			);
			buildRules = (
			);
			dependencies = (
			);
			name = myRestt;
			productName = myRestt;
			productReference = 8218CCA120E285E300274750 /* myRestt.app */;
			productType = "com.apple.product-type.application";
		};
/* End PBXNativeTarget section */

/* Begin PBXProject section */
		8218CC9920E285E300274750 /* Project object */ = {
			isa = PBXProject;
			attributes = {
				LastSwiftUpdateCheck = 0920;
				LastUpgradeCheck = 0920;
				TargetAttributes = {
					8218CCA020E285E300274750 = {
						CreatedOnToolsVersion = 9.2;
						ProvisioningStyle = Automatic;
					};
				};
			};
			buildConfigurationList = 8218CC9C20E285E300274750 /* Build configuration list for PBXProject "myRestt" */;
			compatibilityVersion = "Xcode 8.0";
			developmentRegion = en;
			hasScannedForEncodings = 0;
			knownRegions = (
				en,
				Base,
			);
			mainGroup = 8218CC9820E285E300274750;
			productRefGroup = 8218CCA220E285E300274750 /* Products */;
			projectDirPath = "";
			projectRoot = "";
			targets = (
				8218CCA020E285E300274750 /* myRestt */,
			);
		};
/* End PBXProject section */

/* Begin PBXResourcesBuildPhase section */
		8218CC9F20E285E300274750 /* Resources */ = {
			isa = PBXResourcesBuildPhase;
			buildActionMask = 2147483647;
			files = (
				8218CCAF20E285E300274750 /* LaunchScreen.storyboard in Resources */,
				8218CCAC20E285E300274750 /* Assets.xcassets in Resources */,
				8218CCAA20E285E300274750 /* Main.storyboard in Resources */,
			);
			runOnlyForDeploymentPostprocessing = 0;
		};
/* End PBXResourcesBuildPhase section */

/* Begin PBXSourcesBuildPhase section */
		8218CC9D20E285E300274750 /* Sources */ = {
			isa = PBXSourcesBuildPhase;
			buildActionMask = 2147483647;
			files = (
				8218CCB720E2863B00274750 /* myResttTableViewController.swift in Sources */,
				8218CCB920E286D500274750 /* myResttTableViewCell.swift in Sources */,
				8218CCA520E285E300274750 /* AppDelegate.swift in Sources */,
			);
			runOnlyForDeploymentPostprocessing = 0;
		};
/* End PBXSourcesBuildPhase section */

/* Begin PBXVariantGroup section */
		8218CCA820E285E300274750 /* Main.storyboard */ = {
			isa = PBXVariantGroup;
			children = (
				8218CCA920E285E300274750 /* Base */,
			);
			name = Main.storyboard;
			sourceTree = "<group>";
		};
		8218CCAD20E285E300274750 /* LaunchScreen.storyboard */ = {
			isa = PBXVariantGroup;
			children = (
				8218CCAE20E285E300274750 /* Base */,
			);
			name = LaunchScreen.storyboard;
			sourceTree = "<group>";
		};
/* End PBXVariantGroup section */

/* Begin XCBuildConfiguration section */
		8218CCB120E285E300274750 /* Debug */ = {
			isa = XCBuildConfiguration;
			buildSettings = {
				ALWAYS_SEARCH_USER_PATHS = NO;
				CLANG_ANALYZER_NONNULL = YES;
				CLANG_ANALYZER_NUMBER_OBJECT_CONVERSION = YES_AGGRESSIVE;
				CLANG_CXX_LANGUAGE_STANDARD = "gnu++14";
				CLANG_CXX_LIBRARY = "libc++";
				CLANG_ENABLE_MODULES = YES;
				CLANG_ENABLE_OBJC_ARC = YES;
				CLANG_WARN_BLOCK_CAPTURE_AUTORELEASING = YES;
				CLANG_WARN_BOOL_CONVERSION = YES;
				CLANG_WARN_COMMA = YES;
				CLANG_WARN_CONSTANT_CONVERSION = YES;
				CLANG_WARN_DIRECT_OBJC_ISA_USAGE = YES_ERROR;
				CLANG_WARN_DOCUMENTATION_COMMENTS = YES;
				CLANG_WARN_EMPTY_BODY = YES;
				CLANG_WARN_ENUM_CONVERSION = YES;
				CLANG_WARN_INFINITE_RECURSION = YES;
				CLANG_WARN_INT_CONVERSION = YES;
				CLANG_WARN_NON_LITERAL_NULL_CONVERSION = YES;
				CLANG_WARN_OBJC_LITERAL_CONVERSION = YES;
				CLANG_WARN_OBJC_ROOT_CLASS = YES_ERROR;
				CLANG_WARN_RANGE_LOOP_ANALYSIS = YES;
				CLANG_WARN_STRICT_PROTOTYPES = YES;
				CLANG_WARN_SUSPICIOUS_MOVE = YES;
				CLANG_WARN_UNGUARDED_AVAILABILITY = YES_AGGRESSIVE;
				CLANG_WARN_UNREACHABLE_CODE = YES;
				CLANG_WARN__DUPLICATE_METHOD_MATCH = YES;
				CODE_SIGN_IDENTITY = "iPhone Developer";
				COPY_PHASE_STRIP = NO;
				DEBUG_INFORMATION_FORMAT = dwarf;
				ENABLE_STRICT_OBJC_MSGSEND = YES;
				ENABLE_TESTABILITY = YES;
				GCC_C_LANGUAGE_STANDARD = gnu11;
				GCC_DYNAMIC_NO_PIC = NO;
				GCC_NO_COMMON_BLOCKS = YES;
				GCC_OPTIMIZATION_LEVEL = 0;
				GCC_PREPROCESSOR_DEFINITIONS = (
					"DEBUG=1",
					"$(inherited)",
				);
				GCC_WARN_64_TO_32_BIT_CONVERSION = YES;
				GCC_WARN_ABOUT_RETURN_TYPE = YES_ERROR;
				GCC_WARN_UNDECLARED_SELECTOR = YES;
				GCC_WARN_UNINITIALIZED_AUTOS = YES_AGGRESSIVE;
				GCC_WARN_UNUSED_FUNCTION = YES;
				GCC_WARN_UNUSED_VARIABLE = YES;
				IPHONEOS_DEPLOYMENT_TARGET = 11.2;
				MTL_ENABLE_DEBUG_INFO = YES;
				ONLY_ACTIVE_ARCH = YES;
				SDKROOT = iphoneos;
				SWIFT_ACTIVE_COMPILATION_CONDITIONS = DEBUG;
				SWIFT_OPTIMIZATION_LEVEL = "-Onone";
			};
			name = Debug;
		};
		8218CCB220E285E300274750 /* Release */ = {
			isa = XCBuildConfiguration;
			buildSettings = {
				ALWAYS_SEARCH_USER_PATHS = NO;
				CLANG_ANALYZER_NONNULL = YES;
				CLANG_ANALYZER_NUMBER_OBJECT_CONVERSION = YES_AGGRESSIVE;
				CLANG_CXX_LANGUAGE_STANDARD = "gnu++14";
				CLANG_CXX_LIBRARY = "libc++";
				CLANG_ENABLE_MODULES = YES;
				CLANG_ENABLE_OBJC_ARC = YES;
				CLANG_WARN_BLOCK_CAPTURE_AUTORELEASING = YES;
				CLANG_WARN_BOOL_CONVERSION = YES;
				CLANG_WARN_COMMA = YES;
				CLANG_WARN_CONSTANT_CONVERSION = YES;
				CLANG_WARN_DIRECT_OBJC_ISA_USAGE = YES_ERROR;
				CLANG_WARN_DOCUMENTATION_COMMENTS = YES;
				CLANG_WARN_EMPTY_BODY = YES;
				CLANG_WARN_ENUM_CONVERSION = YES;
				CLANG_WARN_INFINITE_RECURSION = YES;
				CLANG_WARN_INT_CONVERSION = YES;
				CLANG_WARN_NON_LITERAL_NULL_CONVERSION = YES;
				CLANG_WARN_OBJC_LITERAL_CONVERSION = YES;
				CLANG_WARN_OBJC_ROOT_CLASS = YES_ERROR;
				CLANG_WARN_RANGE_LOOP_ANALYSIS = YES;
				CLANG_WARN_STRICT_PROTOTYPES = YES;
				CLANG_WARN_SUSPICIOUS_MOVE = YES;
				CLANG_WARN_UNGUARDED_AVAILABILITY = YES_AGGRESSIVE;
				CLANG_WARN_UNREACHABLE_CODE = YES;
				CLANG_WARN__DUPLICATE_METHOD_MATCH = YES;
				CODE_SIGN_IDENTITY = "iPhone Developer";
				COPY_PHASE_STRIP = NO;
				DEBUG_INFORMATION_FORMAT = "dwarf-with-dsym";
				ENABLE_NS_ASSERTIONS = NO;
				ENABLE_STRICT_OBJC_MSGSEND = YES;
				GCC_C_LANGUAGE_STANDARD = gnu11;
				GCC_NO_COMMON_BLOCKS = YES;
				GCC_WARN_64_TO_32_BIT_CONVERSION = YES;
				GCC_WARN_ABOUT_RETURN_TYPE = YES_ERROR;
				GCC_WARN_UNDECLARED_SELECTOR = YES;
				GCC_WARN_UNINITIALIZED_AUTOS = YES_AGGRESSIVE;
				GCC_WARN_UNUSED_FUNCTION = YES;
				GCC_WARN_UNUSED_VARIABLE = YES;
				IPHONEOS_DEPLOYMENT_TARGET = 11.2;
				MTL_ENABLE_DEBUG_INFO = NO;
				SDKROOT = iphoneos;
				SWIFT_OPTIMIZATION_LEVEL = "-Owholemodule";
				VALIDATE_PRODUCT = YES;
			};
			name = Release;
		};
		8218CCB420E285E300274750 /* Debug */ = {
			isa = XCBuildConfiguration;
			buildSettings = {
				ASSETCATALOG_COMPILER_APPICON_NAME = AppIcon;
				CODE_SIGN_STYLE = Automatic;
				INFOPLIST_FILE = myRestt/Info.plist;
				LD_RUNPATH_SEARCH_PATHS = "$(inherited) @executable_path/Frameworks";
				PRODUCT_BUNDLE_IDENTIFIER = com.RHL.myRestt;
				PRODUCT_NAME = "$(TARGET_NAME)";
				SWIFT_VERSION = 4.0;
				TARGETED_DEVICE_FAMILY = "1,2";
			};
			name = Debug;
		};
		8218CCB520E285E300274750 /* Release */ = {
			isa = XCBuildConfiguration;
			buildSettings = {
				ASSETCATALOG_COMPILER_APPICON_NAME = AppIcon;
				CODE_SIGN_STYLE = Automatic;
				INFOPLIST_FILE = myRestt/Info.plist;
				LD_RUNPATH_SEARCH_PATHS = "$(inherited) @executable_path/Frameworks";
				PRODUCT_BUNDLE_IDENTIFIER = com.RHL.myRestt;
				PRODUCT_NAME = "$(TARGET_NAME)";
				SWIFT_VERSION = 4.0;
				TARGETED_DEVICE_FAMILY = "1,2";
			};
			name = Release;
		};
/* End XCBuildConfiguration section */

/* Begin XCConfigurationList section */
		8218CC9C20E285E300274750 /* Build configuration list for PBXProject "myRestt" */ = {
			isa = XCConfigurationList;
			buildConfigurations = (
				8218CCB120E285E300274750 /* Debug */,
				8218CCB220E285E300274750 /* Release */,
			);
			defaultConfigurationIsVisible = 0;
			defaultConfigurationName = Release;
		};
		8218CCB320E285E300274750 /* Build configuration list for PBXNativeTarget "myRestt" */ = {
			isa = XCConfigurationList;
			buildConfigurations = (
				8218CCB420E285E300274750 /* Debug */,
				8218CCB520E285E300274750 /* Release */,
			);
			defaultConfigurationIsVisible = 0;
			defaultConfigurationName = Release;
		};
/* End XCConfigurationList section */
	};
	rootObject = 8218CC9920E285E300274750 /* Project object */;
}
